
Microsoft Visual Studio Solution File, Format Version 12.00
# Visual Studio Version 17
VisualStudioVersion = 17.1.32319.34
MinimumVisualStudioVersion = 10.0.40219.1
Project("{9A19103F-16F7-4668-BE54-9A1E7A4F7556}") = "CharityDB.net5", "CharityDB.net5\CharityDB.net5.csproj", "{10F28260-5010-466E-AB5A-F4AED60812D4}"
EndProject
Global
	GlobalSection(SolutionConfigurationPlatforms) = preSolution
		Debug|Any CPU = Debug|Any CPU
		Release|Any CPU = Release|Any CPU
	EndGlobalSection
	GlobalSection(ProjectConfigurationPlatforms) = postSolution
		{10F28260-5010-466E-AB5A-F4AED60812D4}.Debug|Any CPU.ActiveCfg = Debug|Any CPU
		{10F28260-5010-466E-AB5A-F4AED60812D4}.Debug|Any CPU.Build.0 = Debug|Any CPU
		{10F28260-5010-466E-AB5A-F4AED60812D4}.Release|Any CPU.ActiveCfg = Release|Any CPU
		{10F28260-5010-466E-AB5A-F4AED60812D4}.Release|Any CPU.Build.0 = Release|Any CPU
	EndGlobalSection
	GlobalSection(SolutionProperties) = preSolution
		HideSolutionNode = FALSE
	EndGlobalSection
	GlobalSection(ExtensibilityGlobals) = postSolution
		SolutionGuid = {983F04C0-FD81-4E88-B59A-3BC53A358E83}
	EndGlobalSection
EndGlobal
